
Microsoft Visual Studio Solution File, Format Version 12.00
# Visual Studio Version 16
VisualStudioVersion = 16.0.32106.194
MinimumVisualStudioVersion = 10.0.40219.1
Project("{FAE04EC0-301F-11D3-BF4B-00C04F79EFBC}") = "CandyShop", "CandyShop\CandyShop.csproj", "{AC183707-E5B9-4B96-8419-76838C67B01E}"
EndProject
Global
	GlobalSection(SolutionConfigurationPlatforms) = preSolution
		Debug|Any CPU = Debug|Any CPU
		Release|Any CPU = Release|Any CPU
	EndGlobalSection
	GlobalSection(ProjectConfigurationPlatforms) = postSolution
		{AC183707-E5B9-4B96-8419-76838C67B01E}.Debug|Any CPU.ActiveCfg = Debug|Any CPU
		{AC183707-E5B9-4B96-8419-76838C67B01E}.Debug|Any CPU.Build.0 = Debug|Any CPU
		{AC183707-E5B9-4B96-8419-76838C67B01E}.Release|Any CPU.ActiveCfg = Release|Any CPU
		{AC183707-E5B9-4B96-8419-76838C67B01E}.Release|Any CPU.Build.0 = Release|Any CPU
	EndGlobalSection
	GlobalSection(SolutionProperties) = preSolution
		HideSolutionNode = FALSE
	EndGlobalSection
	GlobalSection(ExtensibilityGlobals) = postSolution
		SolutionGuid = {D2E5F21E-61B0-49D6-B363-387F9BAE9982}
	EndGlobalSection
EndGlobal
